// !$*UTF8*$!
{
	archiveVersion = 1;
	classes = {
	};
	objectVersion = 46;
	objects = {

/* Begin PBXBuildFile section */
		2AB4B2D416E5EEE100901268 /* boldMark.png in Resources */ = {isa = PBXBuildFile; fileRef = 2AB4B2C016E5EEE100901268 /* boldMark.png */; };
		2AB4B2D516E5EEE100901268 /* old.customKeyboardBar.png in Resources */ = {isa = PBXBuildFile; fileRef = 2AB4B2C116E5EEE100901268 /* old.customKeyboardBar.png */; };
		2AB4B2D616E5EEE100901268 /* fontNameMark.png in Resources */ = {isa = PBXBuildFile; fileRef = 2AB4B2C216E5EEE100901268 /* fontNameMark.png */; };
		2AB4B2D716E5EEE100901268 /* fontSizeMark.png in Resources */ = {isa = PBXBuildFile; fileRef = 2AB4B2C316E5EEE100901268 /* fontSizeMark.png */; };
		2AB4B2D816E5EEE100901268 /* underlineMark.png in Resources */ = {isa = PBXBuildFile; fileRef = 2AB4B2C416E5EEE100901268 /* underlineMark.png */; };
		2AB4B2DA16E5EEE100901268 /* undoMark.png in Resources */ = {isa = PBXBuildFile; fileRef = 2AB4B2C616E5EEE100901268 /* undoMark.png */; };
		2AB4B2DB16E5EEE100901268 /* redoMark.png in Resources */ = {isa = PBXBuildFile; fileRef = 2AB4B2C716E5EEE100901268 /* redoMark.png */; };
		2AB4B2DC16E5EEE100901268 /* fontSizeUpMark.png in Resources */ = {isa = PBXBuildFile; fileRef = 2AB4B2C816E5EEE100901268 /* fontSizeUpMark.png */; };
		2AB4B2DD16E5EEE100901268 /* fontSizeDownMark.png in Resources */ = {isa = PBXBuildFile; fileRef = 2AB4B2C916E5EEE100901268 /* fontSizeDownMark.png */; };
		2AB4B2E116E5EEE100901268 /* italicMark.png in Resources */ = {isa = PBXBuildFile; fileRef = 2AB4B2CD16E5EEE100901268 /* italicMark.png */; };
		2AB4B2E216E5EEE100901268 /* fontColorMark.png in Resources */ = {isa = PBXBuildFile; fileRef = 2AB4B2CE16E5EEE100901268 /* fontColorMark.png */; };
		2AB4B2E316E5EEE100901268 /* fontSizeBackground.png in Resources */ = {isa = PBXBuildFile; fileRef = 2AB4B2CF16E5EEE100901268 /* fontSizeBackground.png */; };
		2AB4B2E416E5EEE100901268 /* fontSizeUpBtnHighlighted.png in Resources */ = {isa = PBXBuildFile; fileRef = 2AB4B2D016E5EEE100901268 /* fontSizeUpBtnHighlighted.png */; };
		2AB4B2E516E5EEE100901268 /* fontSizeDownBtnHighlighted.png in Resources */ = {isa = PBXBuildFile; fileRef = 2AB4B2D116E5EEE100901268 /* fontSizeDownBtnHighlighted.png */; };
		2AB4B2E616E5EEE100901268 /* fontStyleBackground.png in Resources */ = {isa = PBXBuildFile; fileRef = 2AB4B2D216E5EEE100901268 /* fontStyleBackground.png */; };
		2AB4B2E716E5EEE100901268 /* fontNameBtnHighlightedBackground.png in Resources */ = {isa = PBXBuildFile; fileRef = 2AB4B2D316E5EEE100901268 /* fontNameBtnHighlightedBackground.png */; };
		2AD2328D16E0A8DA00BF23F5 /* CCRTEAccessorySwitch.m in Sources */ = {isa = PBXBuildFile; fileRef = 2AD2328C16E0A8DA00BF23F5 /* CCRTEAccessorySwitch.m */; };
		2ADEA01616E095C200E768F3 /* UIKit.framework in Frameworks */ = {isa = PBXBuildFile; fileRef = 2ADEA01516E095C200E768F3 /* UIKit.framework */; };
		2ADEA01816E095C200E768F3 /* Foundation.framework in Frameworks */ = {isa = PBXBuildFile; fileRef = 2ADEA01716E095C200E768F3 /* Foundation.framework */; };
		2ADEA01A16E095C200E768F3 /* CoreGraphics.framework in Frameworks */ = {isa = PBXBuildFile; fileRef = 2ADEA01916E095C200E768F3 /* CoreGraphics.framework */; };
		2ADEA02016E095C200E768F3 /* InfoPlist.strings in Resources */ = {isa = PBXBuildFile; fileRef = 2ADEA01E16E095C200E768F3 /* InfoPlist.strings */; };
		2ADEA02216E095C200E768F3 /* main.m in Sources */ = {isa = PBXBuildFile; fileRef = 2ADEA02116E095C200E768F3 /* main.m */; };
		2ADEA02616E095C200E768F3 /* AppDelegate.m in Sources */ = {isa = PBXBuildFile; fileRef = 2ADEA02516E095C200E768F3 /* AppDelegate.m */; };
		2ADEA02816E095C200E768F3 /* Default.png in Resources */ = {isa = PBXBuildFile; fileRef = 2ADEA02716E095C200E768F3 /* Default.png */; };
		2ADEA02A16E095C200E768F3 /* Default@2x.png in Resources */ = {isa = PBXBuildFile; fileRef = 2ADEA02916E095C200E768F3 /* Default@2x.png */; };
		2ADEA02C16E095C200E768F3 /* Default-568h@2x.png in Resources */ = {isa = PBXBuildFile; fileRef = 2ADEA02B16E095C200E768F3 /* Default-568h@2x.png */; };
		2ADEA02F16E095C200E768F3 /* CCRichTextEditorViewController.m in Sources */ = {isa = PBXBuildFile; fileRef = 2ADEA02E16E095C200E768F3 /* CCRichTextEditorViewController.m */; };
		2ADEA03216E095C200E768F3 /* CCRichTextEditorViewController_iPhone.xib in Resources */ = {isa = PBXBuildFile; fileRef = 2ADEA03016E095C200E768F3 /* CCRichTextEditorViewController_iPhone.xib */; };
		2ADEA03516E095C200E768F3 /* CCRichTextEditorViewController_iPad.xib in Resources */ = {isa = PBXBuildFile; fileRef = 2ADEA03316E095C200E768F3 /* CCRichTextEditorViewController_iPad.xib */; };
		2ADEA04316E09BD200E768F3 /* customKeyboardBar.png in Resources */ = {isa = PBXBuildFile; fileRef = 2ADEA04116E09BD200E768F3 /* customKeyboardBar.png */; };
		2ADEA04416E09BD200E768F3 /* index.html in Resources */ = {isa = PBXBuildFile; fileRef = 2ADEA04216E09BD200E768F3 /* index.html */; };
		2AE0230A16E8305900FC8316 /* strikeThroughMark.png in Resources */ = {isa = PBXBuildFile; fileRef = 2AE0230916E8305900FC8316 /* strikeThroughMark.png */; };
		2AE0230E16E8589E00FC8316 /* CCRTEDocumentFragmentStatus.m in Sources */ = {isa = PBXBuildFile; fileRef = 2AE0230D16E8589E00FC8316 /* CCRTEDocumentFragmentStatus.m */; };
		2AE0231016E85CC200FC8316 /* highlightMark.png in Resources */ = {isa = PBXBuildFile; fileRef = 2AE0230F16E85CC200FC8316 /* highlightMark.png */; };
		2AE1337116E58A9F00209312 /* CCRTEColorSelectionViewController.m in Sources */ = {isa = PBXBuildFile; fileRef = 2AE1337016E58A9F00209312 /* CCRTEColorSelectionViewController.m */; };
		2AE1337E16E5973700209312 /* CCRTEPhotoSelectionViewController.m in Sources */ = {isa = PBXBuildFile; fileRef = 2AE1337D16E5973700209312 /* CCRTEPhotoSelectionViewController.m */; };
		2AE1EBC716E6D6D700FB4D04 /* commonBtnBackground.png in Resources */ = {isa = PBXBuildFile; fileRef = 2AE1EBC516E6D6D600FB4D04 /* commonBtnBackground.png */; };
		2AE1EBC816E6D6D700FB4D04 /* commonBtnHighlightedBackground.png in Resources */ = {isa = PBXBuildFile; fileRef = 2AE1EBC616E6D6D600FB4D04 /* commonBtnHighlightedBackground.png */; };
		2AE1EBCA16E6D7F600FB4D04 /* photoMark.png in Resources */ = {isa = PBXBuildFile; fileRef = 2AE1EBC916E6D7F600FB4D04 /* photoMark.png */; };
		2AE1EBD416E732E900FB4D04 /* MobileCoreServices.framework in Frameworks */ = {isa = PBXBuildFile; fileRef = 2AE1EBD316E732E800FB4D04 /* MobileCoreServices.framework */; };
		2AE1EBD916E73F6100FB4D04 /* CCRTEGestureRegnizer.m in Sources */ = {isa = PBXBuildFile; fileRef = 2AE1EBD816E73F6000FB4D04 /* CCRTEGestureRegnizer.m */; };
		2AE2167F16E4315F00887B7C /* QuartzCore.framework in Frameworks */ = {isa = PBXBuildFile; fileRef = 2AE2167E16E4315F00887B7C /* QuartzCore.framework */; };
		2AE2168A16E4674C00887B7C /* CoreText.framework in Frameworks */ = {isa = PBXBuildFile; fileRef = 2AE2168916E4674C00887B7C /* CoreText.framework */; };
		2AE2169116E493F100887B7C /* CCRTEFontSelectionViewController.m in Sources */ = {isa = PBXBuildFile; fileRef = 2AE2169016E493F000887B7C /* CCRTEFontSelectionViewController.m */; };
		2AE2169B16E49EBC00887B7C /* SimSun.ttf in Resources */ = {isa = PBXBuildFile; fileRef = 2AE2169916E49EBC00887B7C /* SimSun.ttf */; };
		2AE2169D16E4A07A00887B7C /* Kai.ttf in Resources */ = {isa = PBXBuildFile; fileRef = 2AE2169C16E4A07A00887B7C /* Kai.ttf */; };
/* End PBXBuildFile section */

/* Begin PBXFileReference section */
		2AB4B2C016E5EEE100901268 /* boldMark.png */ = {isa = PBXFileReference; lastKnownFileType = image.png; path = boldMark.png; sourceTree = "<group>"; };
		2AB4B2C116E5EEE100901268 /* old.customKeyboardBar.png */ = {isa = PBXFileReference; lastKnownFileType = image.png; path = old.customKeyboardBar.png; sourceTree = "<group>"; };
		2AB4B2C216E5EEE100901268 /* fontNameMark.png */ = {isa = PBXFileReference; lastKnownFileType = image.png; path = fontNameMark.png; sourceTree = "<group>"; };
		2AB4B2C316E5EEE100901268 /* fontSizeMark.png */ = {isa = PBXFileReference; lastKnownFileType = image.png; path = fontSizeMark.png; sourceTree = "<group>"; };
		2AB4B2C416E5EEE100901268 /* underlineMark.png */ = {isa = PBXFileReference; lastKnownFileType = image.png; path = underlineMark.png; sourceTree = "<group>"; };
		2AB4B2C616E5EEE100901268 /* undoMark.png */ = {isa = PBXFileReference; lastKnownFileType = image.png; path = undoMark.png; sourceTree = "<group>"; };
		2AB4B2C716E5EEE100901268 /* redoMark.png */ = {isa = PBXFileReference; lastKnownFileType = image.png; path = redoMark.png; sourceTree = "<group>"; };
		2AB4B2C816E5EEE100901268 /* fontSizeUpMark.png */ = {isa = PBXFileReference; lastKnownFileType = image.png; path = fontSizeUpMark.png; sourceTree = "<group>"; };
		2AB4B2C916E5EEE100901268 /* fontSizeDownMark.png */ = {isa = PBXFileReference; lastKnownFileType = image.png; path = fontSizeDownMark.png; sourceTree = "<group>"; };
		2AB4B2CD16E5EEE100901268 /* italicMark.png */ = {isa = PBXFileReference; lastKnownFileType = image.png; path = italicMark.png; sourceTree = "<group>"; };
		2AB4B2CE16E5EEE100901268 /* fontColorMark.png */ = {isa = PBXFileReference; lastKnownFileType = image.png; path = fontColorMark.png; sourceTree = "<group>"; };
		2AB4B2CF16E5EEE100901268 /* fontSizeBackground.png */ = {isa = PBXFileReference; lastKnownFileType = image.png; path = fontSizeBackground.png; sourceTree = "<group>"; };
		2AB4B2D016E5EEE100901268 /* fontSizeUpBtnHighlighted.png */ = {isa = PBXFileReference; lastKnownFileType = image.png; path = fontSizeUpBtnHighlighted.png; sourceTree = "<group>"; };
		2AB4B2D116E5EEE100901268 /* fontSizeDownBtnHighlighted.png */ = {isa = PBXFileReference; lastKnownFileType = image.png; path = fontSizeDownBtnHighlighted.png; sourceTree = "<group>"; };
		2AB4B2D216E5EEE100901268 /* fontStyleBackground.png */ = {isa = PBXFileReference; lastKnownFileType = image.png; path = fontStyleBackground.png; sourceTree = "<group>"; };
		2AB4B2D316E5EEE100901268 /* fontNameBtnHighlightedBackground.png */ = {isa = PBXFileReference; lastKnownFileType = image.png; path = fontNameBtnHighlightedBackground.png; sourceTree = "<group>"; };
		2AD2328B16E0A8DA00BF23F5 /* CCRTEAccessorySwitch.h */ = {isa = PBXFileReference; fileEncoding = 4; lastKnownFileType = sourcecode.c.h; path = CCRTEAccessorySwitch.h; sourceTree = "<group>"; };
		2AD2328C16E0A8DA00BF23F5 /* CCRTEAccessorySwitch.m */ = {isa = PBXFileReference; fileEncoding = 4; lastKnownFileType = sourcecode.c.objc; path = CCRTEAccessorySwitch.m; sourceTree = "<group>"; };
		2ADEA01116E095C200E768F3 /* CCRichTextEditor.app */ = {isa = PBXFileReference; explicitFileType = wrapper.application; includeInIndex = 0; path = CCRichTextEditor.app; sourceTree = BUILT_PRODUCTS_DIR; };
		2ADEA01516E095C200E768F3 /* UIKit.framework */ = {isa = PBXFileReference; lastKnownFileType = wrapper.framework; name = UIKit.framework; path = System/Library/Frameworks/UIKit.framework; sourceTree = SDKROOT; };
		2ADEA01716E095C200E768F3 /* Foundation.framework */ = {isa = PBXFileReference; lastKnownFileType = wrapper.framework; name = Foundation.framework; path = System/Library/Frameworks/Foundation.framework; sourceTree = SDKROOT; };
		2ADEA01916E095C200E768F3 /* CoreGraphics.framework */ = {isa = PBXFileReference; lastKnownFileType = wrapper.framework; name = CoreGraphics.framework; path = System/Library/Frameworks/CoreGraphics.framework; sourceTree = SDKROOT; };
		2ADEA01D16E095C200E768F3 /* CCRichTextEditor-Info.plist */ = {isa = PBXFileReference; lastKnownFileType = text.plist.xml; path = "CCRichTextEditor-Info.plist"; sourceTree = "<group>"; };
		2ADEA01F16E095C200E768F3 /* en */ = {isa = PBXFileReference; lastKnownFileType = text.plist.strings; name = en; path = en.lproj/InfoPlist.strings; sourceTree = "<group>"; };
		2ADEA02116E095C200E768F3 /* main.m */ = {isa = PBXFileReference; lastKnownFileType = sourcecode.c.objc; path = main.m; sourceTree = "<group>"; };
		2ADEA02316E095C200E768F3 /* CCRichTextEditor-Prefix.pch */ = {isa = PBXFileReference; lastKnownFileType = sourcecode.c.h; path = "CCRichTextEditor-Prefix.pch"; sourceTree = "<group>"; };
		2ADEA02416E095C200E768F3 /* AppDelegate.h */ = {isa = PBXFileReference; lastKnownFileType = sourcecode.c.h; name = AppDelegate.h; path = CCRichTextEditor/AppDelegate.h; sourceTree = "<group>"; };
		2ADEA02516E095C200E768F3 /* AppDelegate.m */ = {isa = PBXFileReference; lastKnownFileType = sourcecode.c.objc; path = AppDelegate.m; sourceTree = "<group>"; };
		2ADEA02716E095C200E768F3 /* Default.png */ = {isa = PBXFileReference; lastKnownFileType = image.png; path = Default.png; sourceTree = "<group>"; };
		2ADEA02916E095C200E768F3 /* Default@2x.png */ = {isa = PBXFileReference; lastKnownFileType = image.png; path = "Default@2x.png"; sourceTree = "<group>"; };
		2ADEA02B16E095C200E768F3 /* Default-568h@2x.png */ = {isa = PBXFileReference; lastKnownFileType = image.png; path = "Default-568h@2x.png"; sourceTree = "<group>"; };
		2ADEA02D16E095C200E768F3 /* CCRichTextEditorViewController.h */ = {isa = PBXFileReference; lastKnownFileType = sourcecode.c.h; path = CCRichTextEditorViewController.h; sourceTree = "<group>"; };
		2ADEA02E16E095C200E768F3 /* CCRichTextEditorViewController.m */ = {isa = PBXFileReference; lastKnownFileType = sourcecode.c.objc; path = CCRichTextEditorViewController.m; sourceTree = "<group>"; };
		2ADEA03116E095C200E768F3 /* en */ = {isa = PBXFileReference; lastKnownFileType = file.xib; name = en; path = en.lproj/CCRichTextEditorViewController_iPhone.xib; sourceTree = "<group>"; };
		2ADEA03416E095C200E768F3 /* en */ = {isa = PBXFileReference; lastKnownFileType = file.xib; name = en; path = en.lproj/CCRichTextEditorViewController_iPad.xib; sourceTree = "<group>"; };
		2ADEA04116E09BD200E768F3 /* customKeyboardBar.png */ = {isa = PBXFileReference; lastKnownFileType = image.png; path = customKeyboardBar.png; sourceTree = "<group>"; };
		2ADEA04216E09BD200E768F3 /* index.html */ = {isa = PBXFileReference; fileEncoding = 4; lastKnownFileType = text.html; path = index.html; sourceTree = "<group>"; };
		2AE0230916E8305900FC8316 /* strikeThroughMark.png */ = {isa = PBXFileReference; lastKnownFileType = image.png; path = strikeThroughMark.png; sourceTree = "<group>"; };
		2AE0230C16E8589E00FC8316 /* CCRTEDocumentFragmentStatus.h */ = {isa = PBXFileReference; fileEncoding = 4; lastKnownFileType = sourcecode.c.h; path = CCRTEDocumentFragmentStatus.h; sourceTree = "<group>"; };
		2AE0230D16E8589E00FC8316 /* CCRTEDocumentFragmentStatus.m */ = {isa = PBXFileReference; fileEncoding = 4; lastKnownFileType = sourcecode.c.objc; path = CCRTEDocumentFragmentStatus.m; sourceTree = "<group>"; };
		2AE0230F16E85CC200FC8316 /* highlightMark.png */ = {isa = PBXFileReference; lastKnownFileType = image.png; path = highlightMark.png; sourceTree = "<group>"; };
		2AE0231816E86C4E00FC8316 /* zh-Hans */ = {isa = PBXFileReference; lastKnownFileType = text.plist.strings; name = "zh-Hans"; path = "zh-Hans.lproj/InfoPlist.strings"; sourceTree = "<group>"; };
		2AE1336F16E58A9F00209312 /* CCRTEColorSelectionViewController.h */ = {isa = PBXFileReference; fileEncoding = 4; lastKnownFileType = sourcecode.c.h; path = CCRTEColorSelectionViewController.h; sourceTree = "<group>"; };
		2AE1337016E58A9F00209312 /* CCRTEColorSelectionViewController.m */ = {isa = PBXFileReference; fileEncoding = 4; lastKnownFileType = sourcecode.c.objc; path = CCRTEColorSelectionViewController.m; sourceTree = "<group>"; };
		2AE1337C16E5973700209312 /* CCRTEPhotoSelectionViewController.h */ = {isa = PBXFileReference; fileEncoding = 4; lastKnownFileType = sourcecode.c.h; path = CCRTEPhotoSelectionViewController.h; sourceTree = "<group>"; };
		2AE1337D16E5973700209312 /* CCRTEPhotoSelectionViewController.m */ = {isa = PBXFileReference; fileEncoding = 4; lastKnownFileType = sourcecode.c.objc; path = CCRTEPhotoSelectionViewController.m; sourceTree = "<group>"; };
		2AE1EBC516E6D6D600FB4D04 /* commonBtnBackground.png */ = {isa = PBXFileReference; lastKnownFileType = image.png; path = commonBtnBackground.png; sourceTree = "<group>"; };
		2AE1EBC616E6D6D600FB4D04 /* commonBtnHighlightedBackground.png */ = {isa = PBXFileReference; lastKnownFileType = image.png; path = commonBtnHighlightedBackground.png; sourceTree = "<group>"; };
		2AE1EBC916E6D7F600FB4D04 /* photoMark.png */ = {isa = PBXFileReference; lastKnownFileType = image.png; path = photoMark.png; sourceTree = "<group>"; };
		2AE1EBD316E732E800FB4D04 /* MobileCoreServices.framework */ = {isa = PBXFileReference; lastKnownFileType = wrapper.framework; name = MobileCoreServices.framework; path = System/Library/Frameworks/MobileCoreServices.framework; sourceTree = SDKROOT; };
		2AE1EBD516E7354500FB4D04 /* CCRTEGestureRegnizer.h */ = {isa = PBXFileReference; fileEncoding = 4; lastKnownFileType = sourcecode.c.h; path = CCRTEGestureRegnizer.h; sourceTree = "<group>"; };
		2AE1EBD816E73F6000FB4D04 /* CCRTEGestureRegnizer.m */ = {isa = PBXFileReference; fileEncoding = 4; lastKnownFileType = sourcecode.c.objc; path = CCRTEGestureRegnizer.m; sourceTree = "<group>"; };
		2AE2167E16E4315F00887B7C /* QuartzCore.framework */ = {isa = PBXFileReference; lastKnownFileType = wrapper.framework; name = QuartzCore.framework; path = System/Library/Frameworks/QuartzCore.framework; sourceTree = SDKROOT; };
		2AE2168916E4674C00887B7C /* CoreText.framework */ = {isa = PBXFileReference; lastKnownFileType = wrapper.framework; name = CoreText.framework; path = System/Library/Frameworks/CoreText.framework; sourceTree = SDKROOT; };
		2AE2168F16E493F000887B7C /* CCRTEFontSelectionViewController.h */ = {isa = PBXFileReference; fileEncoding = 4; lastKnownFileType = sourcecode.c.h; path = CCRTEFontSelectionViewController.h; sourceTree = "<group>"; };
		2AE2169016E493F000887B7C /* CCRTEFontSelectionViewController.m */ = {isa = PBXFileReference; fileEncoding = 4; lastKnownFileType = sourcecode.c.objc; path = CCRTEFontSelectionViewController.m; sourceTree = "<group>"; };
		2AE2169916E49EBC00887B7C /* SimSun.ttf */ = {isa = PBXFileReference; lastKnownFileType = file; path = SimSun.ttf; sourceTree = "<group>"; };
		2AE2169C16E4A07A00887B7C /* Kai.ttf */ = {isa = PBXFileReference; lastKnownFileType = file; path = Kai.ttf; sourceTree = "<group>"; };
/* End PBXFileReference section */

/* Begin PBXFrameworksBuildPhase section */
		2ADEA00E16E095C200E768F3 /* Frameworks */ = {
			isa = PBXFrameworksBuildPhase;
			buildActionMask = 2147483647;
			files = (
				2AE1EBD416E732E900FB4D04 /* MobileCoreServices.framework in Frameworks */,
				2AE2168A16E4674C00887B7C /* CoreText.framework in Frameworks */,
				2AE2167F16E4315F00887B7C /* QuartzCore.framework in Frameworks */,
				2ADEA01616E095C200E768F3 /* UIKit.framework in Frameworks */,
				2ADEA01816E095C200E768F3 /* Foundation.framework in Frameworks */,
				2ADEA01A16E095C200E768F3 /* CoreGraphics.framework in Frameworks */,
			);
			runOnlyForDeploymentPostprocessing = 0;
		};
/* End PBXFrameworksBuildPhase section */

/* Begin PBXGroup section */
		2ADEA00616E095C200E768F3 = {
			isa = PBXGroup;
			children = (
				2ADEA02416E095C200E768F3 /* AppDelegate.h */,
				2ADEA01B16E095C200E768F3 /* CCRichTextEditor */,
				2ADEA01416E095C200E768F3 /* Frameworks */,
				2ADEA01216E095C200E768F3 /* Products */,
			);
			sourceTree = "<group>";
		};
		2ADEA01216E095C200E768F3 /* Products */ = {
			isa = PBXGroup;
			children = (
				2ADEA01116E095C200E768F3 /* CCRichTextEditor.app */,
			);
			name = Products;
			sourceTree = "<group>";
		};
		2ADEA01416E095C200E768F3 /* Frameworks */ = {
			isa = PBXGroup;
			children = (
				2AE1EBD316E732E800FB4D04 /* MobileCoreServices.framework */,
				2AE2168916E4674C00887B7C /* CoreText.framework */,
				2AE2167E16E4315F00887B7C /* QuartzCore.framework */,
				2ADEA01516E095C200E768F3 /* UIKit.framework */,
				2ADEA01716E095C200E768F3 /* Foundation.framework */,
				2ADEA01916E095C200E768F3 /* CoreGraphics.framework */,
			);
			name = Frameworks;
			sourceTree = "<group>";
		};
		2ADEA01B16E095C200E768F3 /* CCRichTextEditor */ = {
			isa = PBXGroup;
			children = (
				2ADEA02516E095C200E768F3 /* AppDelegate.m */,
				2AE0230C16E8589E00FC8316 /* CCRTEDocumentFragmentStatus.h */,
				2AE0230D16E8589E00FC8316 /* CCRTEDocumentFragmentStatus.m */,
				2ADEA02D16E095C200E768F3 /* CCRichTextEditorViewController.h */,
				2ADEA02E16E095C200E768F3 /* CCRichTextEditorViewController.m */,
				2ADEA03016E095C200E768F3 /* CCRichTextEditorViewController_iPhone.xib */,
				2ADEA03316E095C200E768F3 /* CCRichTextEditorViewController_iPad.xib */,
				2AD2328B16E0A8DA00BF23F5 /* CCRTEAccessorySwitch.h */,
				2AD2328C16E0A8DA00BF23F5 /* CCRTEAccessorySwitch.m */,
				2AE2168F16E493F000887B7C /* CCRTEFontSelectionViewController.h */,
				2AE2169016E493F000887B7C /* CCRTEFontSelectionViewController.m */,
				2AE1336F16E58A9F00209312 /* CCRTEColorSelectionViewController.h */,
				2AE1337016E58A9F00209312 /* CCRTEColorSelectionViewController.m */,
				2AE1337C16E5973700209312 /* CCRTEPhotoSelectionViewController.h */,
				2AE1337D16E5973700209312 /* CCRTEPhotoSelectionViewController.m */,
				2AE1EBD516E7354500FB4D04 /* CCRTEGestureRegnizer.h */,
				2AE1EBD816E73F6000FB4D04 /* CCRTEGestureRegnizer.m */,
				2ADEA03B16E09A7100E768F3 /* Resources */,
				2ADEA01C16E095C200E768F3 /* Supporting Files */,
			);
			path = CCRichTextEditor;
			sourceTree = "<group>";
		};
		2ADEA01C16E095C200E768F3 /* Supporting Files */ = {
			isa = PBXGroup;
			children = (
				2ADEA01D16E095C200E768F3 /* CCRichTextEditor-Info.plist */,
				2ADEA01E16E095C200E768F3 /* InfoPlist.strings */,
				2ADEA02116E095C200E768F3 /* main.m */,
				2ADEA02316E095C200E768F3 /* CCRichTextEditor-Prefix.pch */,
				2ADEA02716E095C200E768F3 /* Default.png */,
				2ADEA02916E095C200E768F3 /* Default@2x.png */,
				2ADEA02B16E095C200E768F3 /* Default-568h@2x.png */,
			);
			name = "Supporting Files";
			sourceTree = "<group>";
		};
		2ADEA03B16E09A7100E768F3 /* Resources */ = {
			isa = PBXGroup;
			children = (
				2ADEA04016E09BD200E768F3 /* Images */,
				2AE2169C16E4A07A00887B7C /* Kai.ttf */,
				2AE2169916E49EBC00887B7C /* SimSun.ttf */,
				2ADEA04216E09BD200E768F3 /* index.html */,
			);
			path = Resources;
			sourceTree = "<group>";
		};
		2ADEA04016E09BD200E768F3 /* Images */ = {
			isa = PBXGroup;
			children = (
				2AE0230F16E85CC200FC8316 /* highlightMark.png */,
				2AE0230916E8305900FC8316 /* strikeThroughMark.png */,
				2AE1EBC916E6D7F600FB4D04 /* photoMark.png */,
				2AE1EBC516E6D6D600FB4D04 /* commonBtnBackground.png */,
				2AE1EBC616E6D6D600FB4D04 /* commonBtnHighlightedBackground.png */,
				2AB4B2C016E5EEE100901268 /* boldMark.png */,
				2AB4B2C116E5EEE100901268 /* old.customKeyboardBar.png */,
				2AB4B2C216E5EEE100901268 /* fontNameMark.png */,
				2AB4B2C316E5EEE100901268 /* fontSizeMark.png */,
				2AB4B2C416E5EEE100901268 /* underlineMark.png */,
				2AB4B2C616E5EEE100901268 /* undoMark.png */,
				2AB4B2C716E5EEE100901268 /* redoMark.png */,
				2AB4B2C816E5EEE100901268 /* fontSizeUpMark.png */,
				2AB4B2C916E5EEE100901268 /* fontSizeDownMark.png */,
				2AB4B2CD16E5EEE100901268 /* italicMark.png */,
				2AB4B2CE16E5EEE100901268 /* fontColorMark.png */,
				2AB4B2CF16E5EEE100901268 /* fontSizeBackground.png */,
				2AB4B2D016E5EEE100901268 /* fontSizeUpBtnHighlighted.png */,
				2AB4B2D116E5EEE100901268 /* fontSizeDownBtnHighlighted.png */,
				2AB4B2D216E5EEE100901268 /* fontStyleBackground.png */,
				2AB4B2D316E5EEE100901268 /* fontNameBtnHighlightedBackground.png */,
				2ADEA04116E09BD200E768F3 /* customKeyboardBar.png */,
			);
			path = Images;
			sourceTree = "<group>";
		};
/* End PBXGroup section */

/* Begin PBXNativeTarget section */
		2ADEA01016E095C200E768F3 /* CCRichTextEditor */ = {
			isa = PBXNativeTarget;
			buildConfigurationList = 2ADEA03816E095C200E768F3 /* Build configuration list for PBXNativeTarget "CCRichTextEditor" */;
			buildPhases = (
				2ADEA00D16E095C200E768F3 /* Sources */,
				2ADEA00E16E095C200E768F3 /* Frameworks */,
				2ADEA00F16E095C200E768F3 /* Resources */,
			);
			buildRules = (
			);
			dependencies = (
			);
			name = CCRichTextEditor;
			productName = CCRichTextEditor;
			productReference = 2ADEA01116E095C200E768F3 /* CCRichTextEditor.app */;
			productType = "com.apple.product-type.application";
		};
/* End PBXNativeTarget section */

/* Begin PBXProject section */
		2ADEA00816E095C200E768F3 /* Project object */ = {
			isa = PBXProject;
			attributes = {
				LastUpgradeCheck = 0450;
				ORGANIZATIONNAME = ddrccw;
			};
			buildConfigurationList = 2ADEA00B16E095C200E768F3 /* Build configuration list for PBXProject "CCRichTextEditor" */;
			compatibilityVersion = "Xcode 3.2";
			developmentRegion = English;
			hasScannedForEncodings = 0;
			knownRegions = (
				en,
				"zh-Hans",
			);
			mainGroup = 2ADEA00616E095C200E768F3;
			productRefGroup = 2ADEA01216E095C200E768F3 /* Products */;
			projectDirPath = "";
			projectRoot = "";
			targets = (
				2ADEA01016E095C200E768F3 /* CCRichTextEditor */,
			);
		};
/* End PBXProject section */

/* Begin PBXResourcesBuildPhase section */
		2ADEA00F16E095C200E768F3 /* Resources */ = {
			isa = PBXResourcesBuildPhase;
			buildActionMask = 2147483647;
			files = (
				2ADEA02016E095C200E768F3 /* InfoPlist.strings in Resources */,
				2ADEA02816E095C200E768F3 /* Default.png in Resources */,
				2ADEA02A16E095C200E768F3 /* Default@2x.png in Resources */,
				2ADEA02C16E095C200E768F3 /* Default-568h@2x.png in Resources */,
				2ADEA03216E095C200E768F3 /* CCRichTextEditorViewController_iPhone.xib in Resources */,
				2ADEA03516E095C200E768F3 /* CCRichTextEditorViewController_iPad.xib in Resources */,
				2ADEA04316E09BD200E768F3 /* customKeyboardBar.png in Resources */,
				2ADEA04416E09BD200E768F3 /* index.html in Resources */,
				2AE2169B16E49EBC00887B7C /* SimSun.ttf in Resources */,
				2AE2169D16E4A07A00887B7C /* Kai.ttf in Resources */,
				2AB4B2D416E5EEE100901268 /* boldMark.png in Resources */,
				2AB4B2D516E5EEE100901268 /* old.customKeyboardBar.png in Resources */,
				2AB4B2D616E5EEE100901268 /* fontNameMark.png in Resources */,
				2AB4B2D716E5EEE100901268 /* fontSizeMark.png in Resources */,
				2AB4B2D816E5EEE100901268 /* underlineMark.png in Resources */,
				2AB4B2DA16E5EEE100901268 /* undoMark.png in Resources */,
				2AB4B2DB16E5EEE100901268 /* redoMark.png in Resources */,
				2AB4B2DC16E5EEE100901268 /* fontSizeUpMark.png in Resources */,
				2AB4B2DD16E5EEE100901268 /* fontSizeDownMark.png in Resources */,
				2AB4B2E116E5EEE100901268 /* italicMark.png in Resources */,
				2AB4B2E216E5EEE100901268 /* fontColorMark.png in Resources */,
				2AB4B2E316E5EEE100901268 /* fontSizeBackground.png in Resources */,
				2AB4B2E416E5EEE100901268 /* fontSizeUpBtnHighlighted.png in Resources */,
				2AB4B2E516E5EEE100901268 /* fontSizeDownBtnHighlighted.png in Resources */,
				2AB4B2E616E5EEE100901268 /* fontStyleBackground.png in Resources */,
				2AB4B2E716E5EEE100901268 /* fontNameBtnHighlightedBackground.png in Resources */,
				2AE1EBC716E6D6D700FB4D04 /* commonBtnBackground.png in Resources */,
				2AE1EBC816E6D6D700FB4D04 /* commonBtnHighlightedBackground.png in Resources */,
				2AE1EBCA16E6D7F600FB4D04 /* photoMark.png in Resources */,
				2AE0230A16E8305900FC8316 /* strikeThroughMark.png in Resources */,
				2AE0231016E85CC200FC8316 /* highlightMark.png in Resources */,
			);
			runOnlyForDeploymentPostprocessing = 0;
		};
/* End PBXResourcesBuildPhase section */

/* Begin PBXSourcesBuildPhase section */
		2ADEA00D16E095C200E768F3 /* Sources */ = {
			isa = PBXSourcesBuildPhase;
			buildActionMask = 2147483647;
			files = (
				2ADEA02216E095C200E768F3 /* main.m in Sources */,
				2ADEA02616E095C200E768F3 /* AppDelegate.m in Sources */,
				2ADEA02F16E095C200E768F3 /* CCRichTextEditorViewController.m in Sources */,
				2AD2328D16E0A8DA00BF23F5 /* CCRTEAccessorySwitch.m in Sources */,
				2AE2169116E493F100887B7C /* CCRTEFontSelectionViewController.m in Sources */,
				2AE1337116E58A9F00209312 /* CCRTEColorSelectionViewController.m in Sources */,
				2AE1337E16E5973700209312 /* CCRTEPhotoSelectionViewController.m in Sources */,
				2AE1EBD916E73F6100FB4D04 /* CCRTEGestureRegnizer.m in Sources */,
				2AE0230E16E8589E00FC8316 /* CCRTEDocumentFragmentStatus.m in Sources */,
			);
			runOnlyForDeploymentPostprocessing = 0;
		};
/* End PBXSourcesBuildPhase section */

/* Begin PBXVariantGroup section */
		2ADEA01E16E095C200E768F3 /* InfoPlist.strings */ = {
			isa = PBXVariantGroup;
			children = (
				2ADEA01F16E095C200E768F3 /* en */,
				2AE0231816E86C4E00FC8316 /* zh-Hans */,
			);
			name = InfoPlist.strings;
			sourceTree = "<group>";
		};
		2ADEA03016E095C200E768F3 /* CCRichTextEditorViewController_iPhone.xib */ = {
			isa = PBXVariantGroup;
			children = (
				2ADEA03116E095C200E768F3 /* en */,
			);
			name = CCRichTextEditorViewController_iPhone.xib;
			sourceTree = "<group>";
		};
		2ADEA03316E095C200E768F3 /* CCRichTextEditorViewController_iPad.xib */ = {
			isa = PBXVariantGroup;
			children = (
				2ADEA03416E095C200E768F3 /* en */,
			);
			name = CCRichTextEditorViewController_iPad.xib;
			sourceTree = "<group>";
		};
/* End PBXVariantGroup section */

/* Begin XCBuildConfiguration section */
		2ADEA03616E095C200E768F3 /* Debug */ = {
			isa = XCBuildConfiguration;
			buildSettings = {
				ALWAYS_SEARCH_USER_PATHS = NO;
				CLANG_CXX_LANGUAGE_STANDARD = "gnu++0x";
				CLANG_CXX_LIBRARY = "libc++";
				CLANG_WARN_EMPTY_BODY = YES;
				CLANG_WARN__DUPLICATE_METHOD_MATCH = YES;
				"CODE_SIGN_IDENTITY[sdk=iphoneos*]" = "iPhone Developer";
				COPY_PHASE_STRIP = NO;
				GCC_C_LANGUAGE_STANDARD = gnu99;
				GCC_DYNAMIC_NO_PIC = NO;
				GCC_OPTIMIZATION_LEVEL = 0;
				GCC_PREPROCESSOR_DEFINITIONS = (
					"DEBUG=1",
					"$(inherited)",
				);
				GCC_SYMBOLS_PRIVATE_EXTERN = NO;
				GCC_WARN_ABOUT_RETURN_TYPE = YES;
				GCC_WARN_UNINITIALIZED_AUTOS = YES;
				GCC_WARN_UNUSED_VARIABLE = YES;
				IPHONEOS_DEPLOYMENT_TARGET = 6.0;
				ONLY_ACTIVE_ARCH = YES;
				SDKROOT = iphoneos;
				TARGETED_DEVICE_FAMILY = "1,2";
			};
			name = Debug;
		};
		2ADEA03716E095C200E768F3 /* Release */ = {
			isa = XCBuildConfiguration;
			buildSettings = {
				ALWAYS_SEARCH_USER_PATHS = NO;
				CLANG_CXX_LANGUAGE_STANDARD = "gnu++0x";
				CLANG_CXX_LIBRARY = "libc++";
				CLANG_WARN_EMPTY_BODY = YES;
				CLANG_WARN__DUPLICATE_METHOD_MATCH = YES;
				"CODE_SIGN_IDENTITY[sdk=iphoneos*]" = "iPhone Developer";
				COPY_PHASE_STRIP = YES;
				GCC_C_LANGUAGE_STANDARD = gnu99;
				GCC_WARN_ABOUT_RETURN_TYPE = YES;
				GCC_WARN_UNINITIALIZED_AUTOS = YES;
				GCC_WARN_UNUSED_VARIABLE = YES;
				IPHONEOS_DEPLOYMENT_TARGET = 6.0;
				OTHER_CFLAGS = "-DNS_BLOCK_ASSERTIONS=1";
				SDKROOT = iphoneos;
				TARGETED_DEVICE_FAMILY = "1,2";
				VALIDATE_PRODUCT = YES;
			};
			name = Release;
		};
		2ADEA03916E095C200E768F3 /* Debug */ = {
			isa = XCBuildConfiguration;
			buildSettings = {
				GCC_PRECOMPILE_PREFIX_HEADER = YES;
				GCC_PREFIX_HEADER = "CCRichTextEditor/CCRichTextEditor-Prefix.pch";
				INFOPLIST_FILE = "CCRichTextEditor/CCRichTextEditor-Info.plist";
				IPHONEOS_DEPLOYMENT_TARGET = 5.0;
				PRODUCT_NAME = "$(TARGET_NAME)";
				WRAPPER_EXTENSION = app;
			};
			name = Debug;
		};
		2ADEA03A16E095C200E768F3 /* Release */ = {
			isa = XCBuildConfiguration;
			buildSettings = {
				GCC_PRECOMPILE_PREFIX_HEADER = YES;
				GCC_PREFIX_HEADER = "CCRichTextEditor/CCRichTextEditor-Prefix.pch";
				INFOPLIST_FILE = "CCRichTextEditor/CCRichTextEditor-Info.plist";
				IPHONEOS_DEPLOYMENT_TARGET = 5.0;
				PRODUCT_NAME = "$(TARGET_NAME)";
				WRAPPER_EXTENSION = app;
			};
			name = Release;
		};
/* End XCBuildConfiguration section */

/* Begin XCConfigurationList section */
		2ADEA00B16E095C200E768F3 /* Build configuration list for PBXProject "CCRichTextEditor" */ = {
			isa = XCConfigurationList;
			buildConfigurations = (
				2ADEA03616E095C200E768F3 /* Debug */,
				2ADEA03716E095C200E768F3 /* Release */,
			);
			defaultConfigurationIsVisible = 0;
			defaultConfigurationName = Release;
		};
		2ADEA03816E095C200E768F3 /* Build configuration list for PBXNativeTarget "CCRichTextEditor" */ = {
			isa = XCConfigurationList;
			buildConfigurations = (
				2ADEA03916E095C200E768F3 /* Debug */,
				2ADEA03A16E095C200E768F3 /* Release */,
			);
			defaultConfigurationIsVisible = 0;
			defaultConfigurationName = Release;
		};
/* End XCConfigurationList section */
	};
	rootObject = 2ADEA00816E095C200E768F3 /* Project object */;
}
